// !$*UTF8*$!
{
	archiveVersion = 1;
	classes = {
	};
	objectVersion = 48;
	objects = {

/* Begin PBXBuildFile section */
		6B05C70E202E8BCA00FA3A44 /* AppDelegate.swift in Sources */ = {isa = PBXBuildFile; fileRef = 6B05C70D202E8BCA00FA3A44 /* AppDelegate.swift */; };
		6B05C710202E8BCA00FA3A44 /* ViewController.swift in Sources */ = {isa = PBXBuildFile; fileRef = 6B05C70F202E8BCA00FA3A44 /* ViewController.swift */; };
		6B05C713202E8BCA00FA3A44 /* Main.storyboard in Resources */ = {isa = PBXBuildFile; fileRef = 6B05C711202E8BCA00FA3A44 /* Main.storyboard */; };
		6B05C715202E8BCA00FA3A44 /* Assets.xcassets in Resources */ = {isa = PBXBuildFile; fileRef = 6B05C714202E8BCA00FA3A44 /* Assets.xcassets */; };
		6B05C718202E8BCA00FA3A44 /* LaunchScreen.storyboard in Resources */ = {isa = PBXBuildFile; fileRef = 6B05C716202E8BCA00FA3A44 /* LaunchScreen.storyboard */; };
		6B05C723202E8BCA00FA3A44 /* ConcentrationTests.swift in Sources */ = {isa = PBXBuildFile; fileRef = 6B05C722202E8BCA00FA3A44 /* ConcentrationTests.swift */; };
		6B05C72E202E8BCA00FA3A44 /* ConcentrationUITests.swift in Sources */ = {isa = PBXBuildFile; fileRef = 6B05C72D202E8BCA00FA3A44 /* ConcentrationUITests.swift */; };
/* End PBXBuildFile section */

/* Begin PBXContainerItemProxy section */
		6B05C71F202E8BCA00FA3A44 /* PBXContainerItemProxy */ = {
			isa = PBXContainerItemProxy;
			containerPortal = 6B05C702202E8BCA00FA3A44 /* Project object */;
			proxyType = 1;
			remoteGlobalIDString = 6B05C709202E8BCA00FA3A44;
			remoteInfo = Concentration;
		};
		6B05C72A202E8BCA00FA3A44 /* PBXContainerItemProxy */ = {
			isa = PBXContainerItemProxy;
			containerPortal = 6B05C702202E8BCA00FA3A44 /* Project object */;
			proxyType = 1;
			remoteGlobalIDString = 6B05C709202E8BCA00FA3A44;
			remoteInfo = Concentration;
		};
/* End PBXContainerItemProxy section */

/* Begin PBXFileReference section */
		6B05C70A202E8BCA00FA3A44 /* Concentration.app */ = {isa = PBXFileReference; explicitFileType = wrapper.application; includeInIndex = 0; path = Concentration.app; sourceTree = BUILT_PRODUCTS_DIR; };
		6B05C70D202E8BCA00FA3A44 /* AppDelegate.swift */ = {isa = PBXFileReference; lastKnownFileType = sourcecode.swift; path = AppDelegate.swift; sourceTree = "<group>"; };
		6B05C70F202E8BCA00FA3A44 /* ViewController.swift */ = {isa = PBXFileReference; lastKnownFileType = sourcecode.swift; path = ViewController.swift; sourceTree = "<group>"; };
		6B05C712202E8BCA00FA3A44 /* Base */ = {isa = PBXFileReference; lastKnownFileType = file.storyboard; name = Base; path = Base.lproj/Main.storyboard; sourceTree = "<group>"; };
		6B05C714202E8BCA00FA3A44 /* Assets.xcassets */ = {isa = PBXFileReference; lastKnownFileType = folder.assetcatalog; path = Assets.xcassets; sourceTree = "<group>"; };
		6B05C717202E8BCA00FA3A44 /* Base */ = {isa = PBXFileReference; lastKnownFileType = file.storyboard; name = Base; path = Base.lproj/LaunchScreen.storyboard; sourceTree = "<group>"; };
		6B05C719202E8BCA00FA3A44 /* Info.plist */ = {isa = PBXFileReference; lastKnownFileType = text.plist.xml; path = Info.plist; sourceTree = "<group>"; };
		6B05C71E202E8BCA00FA3A44 /* ConcentrationTests.xctest */ = {isa = PBXFileReference; explicitFileType = wrapper.cfbundle; includeInIndex = 0; path = ConcentrationTests.xctest; sourceTree = BUILT_PRODUCTS_DIR; };
		6B05C722202E8BCA00FA3A44 /* ConcentrationTests.swift */ = {isa = PBXFileReference; lastKnownFileType = sourcecode.swift; path = ConcentrationTests.swift; sourceTree = "<group>"; };
		6B05C724202E8BCA00FA3A44 /* Info.plist */ = {isa = PBXFileReference; lastKnownFileType = text.plist.xml; path = Info.plist; sourceTree = "<group>"; };
		6B05C729202E8BCA00FA3A44 /* ConcentrationUITests.xctest */ = {isa = PBXFileReference; explicitFileType = wrapper.cfbundle; includeInIndex = 0; path = ConcentrationUITests.xctest; sourceTree = BUILT_PRODUCTS_DIR; };
		6B05C72D202E8BCA00FA3A44 /* ConcentrationUITests.swift */ = {isa = PBXFileReference; lastKnownFileType = sourcecode.swift; path = ConcentrationUITests.swift; sourceTree = "<group>"; };
		6B05C72F202E8BCA00FA3A44 /* Info.plist */ = {isa = PBXFileReference; lastKnownFileType = text.plist.xml; path = Info.plist; sourceTree = "<group>"; };
/* End PBXFileReference section */

/* Begin PBXFrameworksBuildPhase section */
		6B05C707202E8BCA00FA3A44 /* Frameworks */ = {
			isa = PBXFrameworksBuildPhase;
			buildActionMask = 2147483647;
			files = (
			);
			runOnlyForDeploymentPostprocessing = 0;
		};
		6B05C71B202E8BCA00FA3A44 /* Frameworks */ = {
			isa = PBXFrameworksBuildPhase;
			buildActionMask = 2147483647;
			files = (
			);
			runOnlyForDeploymentPostprocessing = 0;
		};
		6B05C726202E8BCA00FA3A44 /* Frameworks */ = {
			isa = PBXFrameworksBuildPhase;
			buildActionMask = 2147483647;
			files = (
			);
			runOnlyForDeploymentPostprocessing = 0;
		};
/* End PBXFrameworksBuildPhase section */

/* Begin PBXGroup section */
		6B05C701202E8BCA00FA3A44 = {
			isa = PBXGroup;
			children = (
				6B05C70C202E8BCA00FA3A44 /* Concentration */,
				6B05C721202E8BCA00FA3A44 /* ConcentrationTests */,
				6B05C72C202E8BCA00FA3A44 /* ConcentrationUITests */,
				6B05C70B202E8BCA00FA3A44 /* Products */,
			);
			sourceTree = "<group>";
		};
		6B05C70B202E8BCA00FA3A44 /* Products */ = {
			isa = PBXGroup;
			children = (
				6B05C70A202E8BCA00FA3A44 /* Concentration.app */,
				6B05C71E202E8BCA00FA3A44 /* ConcentrationTests.xctest */,
				6B05C729202E8BCA00FA3A44 /* ConcentrationUITests.xctest */,
			);
			name = Products;
			sourceTree = "<group>";
		};
		6B05C70C202E8BCA00FA3A44 /* Concentration */ = {
			isa = PBXGroup;
			children = (
				6B05C70D202E8BCA00FA3A44 /* AppDelegate.swift */,
				6B05C70F202E8BCA00FA3A44 /* ViewController.swift */,
				6B05C711202E8BCA00FA3A44 /* Main.storyboard */,
				6B05C714202E8BCA00FA3A44 /* Assets.xcassets */,
				6B05C716202E8BCA00FA3A44 /* LaunchScreen.storyboard */,
				6B05C719202E8BCA00FA3A44 /* Info.plist */,
			);
			path = Concentration;
			sourceTree = "<group>";
		};
		6B05C721202E8BCA00FA3A44 /* ConcentrationTests */ = {
			isa = PBXGroup;
			children = (
				6B05C722202E8BCA00FA3A44 /* ConcentrationTests.swift */,
				6B05C724202E8BCA00FA3A44 /* Info.plist */,
			);
			path = ConcentrationTests;
			sourceTree = "<group>";
		};
		6B05C72C202E8BCA00FA3A44 /* ConcentrationUITests */ = {
			isa = PBXGroup;
			children = (
				6B05C72D202E8BCA00FA3A44 /* ConcentrationUITests.swift */,
				6B05C72F202E8BCA00FA3A44 /* Info.plist */,
			);
			path = ConcentrationUITests;
			sourceTree = "<group>";
		};
/* End PBXGroup section */

/* Begin PBXNativeTarget section */
		6B05C709202E8BCA00FA3A44 /* Concentration */ = {
			isa = PBXNativeTarget;
			buildConfigurationList = 6B05C732202E8BCA00FA3A44 /* Build configuration list for PBXNativeTarget "Concentration" */;
			buildPhases = (
				6B05C706202E8BCA00FA3A44 /* Sources */,
				6B05C707202E8BCA00FA3A44 /* Frameworks */,
				6B05C708202E8BCA00FA3A44 /* Resources */,
			);
			buildRules = (
			);
			dependencies = (
			);
			name = Concentration;
			productName = Concentration;
			productReference = 6B05C70A202E8BCA00FA3A44 /* Concentration.app */;
			productType = "com.apple.product-type.application";
		};
		6B05C71D202E8BCA00FA3A44 /* ConcentrationTests */ = {
			isa = PBXNativeTarget;
			buildConfigurationList = 6B05C735202E8BCA00FA3A44 /* Build configuration list for PBXNativeTarget "ConcentrationTests" */;
			buildPhases = (
				6B05C71A202E8BCA00FA3A44 /* Sources */,
				6B05C71B202E8BCA00FA3A44 /* Frameworks */,
				6B05C71C202E8BCA00FA3A44 /* Resources */,
			);
			buildRules = (
			);
			dependencies = (
				6B05C720202E8BCA00FA3A44 /* PBXTargetDependency */,
			);
			name = ConcentrationTests;
			productName = ConcentrationTests;
			productReference = 6B05C71E202E8BCA00FA3A44 /* ConcentrationTests.xctest */;
			productType = "com.apple.product-type.bundle.unit-test";
		};
		6B05C728202E8BCA00FA3A44 /* ConcentrationUITests */ = {
			isa = PBXNativeTarget;
			buildConfigurationList = 6B05C738202E8BCA00FA3A44 /* Build configuration list for PBXNativeTarget "ConcentrationUITests" */;
			buildPhases = (
				6B05C725202E8BCA00FA3A44 /* Sources */,
				6B05C726202E8BCA00FA3A44 /* Frameworks */,
				6B05C727202E8BCA00FA3A44 /* Resources */,
			);
			buildRules = (
			);
			dependencies = (
				6B05C72B202E8BCA00FA3A44 /* PBXTargetDependency */,
			);
			name = ConcentrationUITests;
			productName = ConcentrationUITests;
			productReference = 6B05C729202E8BCA00FA3A44 /* ConcentrationUITests.xctest */;
			productType = "com.apple.product-type.bundle.ui-testing";
		};
/* End PBXNativeTarget section */

/* Begin PBXProject section */
		6B05C702202E8BCA00FA3A44 /* Project object */ = {
			isa = PBXProject;
			attributes = {
				LastSwiftUpdateCheck = 0920;
				LastUpgradeCheck = 0920;
				ORGANIZATIONNAME = "Simone Zienna";
				TargetAttributes = {
					6B05C709202E8BCA00FA3A44 = {
						CreatedOnToolsVersion = 9.2;
						ProvisioningStyle = Automatic;
					};
					6B05C71D202E8BCA00FA3A44 = {
						CreatedOnToolsVersion = 9.2;
						ProvisioningStyle = Automatic;
						TestTargetID = 6B05C709202E8BCA00FA3A44;
					};
					6B05C728202E8BCA00FA3A44 = {
						CreatedOnToolsVersion = 9.2;
						ProvisioningStyle = Automatic;
						TestTargetID = 6B05C709202E8BCA00FA3A44;
					};
				};
			};
			buildConfigurationList = 6B05C705202E8BCA00FA3A44 /* Build configuration list for PBXProject "Concentration" */;
			compatibilityVersion = "Xcode 8.0";
			developmentRegion = en;
			hasScannedForEncodings = 0;
			knownRegions = (
				en,
				Base,
			);
			mainGroup = 6B05C701202E8BCA00FA3A44;
			productRefGroup = 6B05C70B202E8BCA00FA3A44 /* Products */;
			projectDirPath = "";
			projectRoot = "";
			targets = (
				6B05C709202E8BCA00FA3A44 /* Concentration */,
				6B05C71D202E8BCA00FA3A44 /* ConcentrationTests */,
				6B05C728202E8BCA00FA3A44 /* ConcentrationUITests */,
			);
		};
/* End PBXProject section */

/* Begin PBXResourcesBuildPhase section */
		6B05C708202E8BCA00FA3A44 /* Resources */ = {
			isa = PBXResourcesBuildPhase;
			buildActionMask = 2147483647;
			files = (
				6B05C718202E8BCA00FA3A44 /* LaunchScreen.storyboard in Resources */,
				6B05C715202E8BCA00FA3A44 /* Assets.xcassets in Resources */,
				6B05C713202E8BCA00FA3A44 /* Main.storyboard in Resources */,
			);
			runOnlyForDeploymentPostprocessing = 0;
		};
		6B05C71C202E8BCA00FA3A44 /* Resources */ = {
			isa = PBXResourcesBuildPhase;
			buildActionMask = 2147483647;
			files = (
			);
			runOnlyForDeploymentPostprocessing = 0;
		};
		6B05C727202E8BCA00FA3A44 /* Resources */ = {
			isa = PBXResourcesBuildPhase;
			buildActionMask = 2147483647;
			files = (
			);
			runOnlyForDeploymentPostprocessing = 0;
		};
/* End PBXResourcesBuildPhase section */

/* Begin PBXSourcesBuildPhase section */
		6B05C706202E8BCA00FA3A44 /* Sources */ = {
			isa = PBXSourcesBuildPhase;
			buildActionMask = 2147483647;
			files = (
				6B05C710202E8BCA00FA3A44 /* ViewController.swift in Sources */,
				6B05C70E202E8BCA00FA3A44 /* AppDelegate.swift in Sources */,
			);
			runOnlyForDeploymentPostprocessing = 0;
		};
		6B05C71A202E8BCA00FA3A44 /* Sources */ = {
			isa = PBXSourcesBuildPhase;
			buildActionMask = 2147483647;
			files = (
				6B05C723202E8BCA00FA3A44 /* ConcentrationTests.swift in Sources */,
			);
			runOnlyForDeploymentPostprocessing = 0;
		};
		6B05C725202E8BCA00FA3A44 /* Sources */ = {
			isa = PBXSourcesBuildPhase;
			buildActionMask = 2147483647;
			files = (
				6B05C72E202E8BCA00FA3A44 /* ConcentrationUITests.swift in Sources */,
			);
			runOnlyForDeploymentPostprocessing = 0;
		};
/* End PBXSourcesBuildPhase section */

/* Begin PBXTargetDependency section */
		6B05C720202E8BCA00FA3A44 /* PBXTargetDependency */ = {
			isa = PBXTargetDependency;
			target = 6B05C709202E8BCA00FA3A44 /* Concentration */;
			targetProxy = 6B05C71F202E8BCA00FA3A44 /* PBXContainerItemProxy */;
		};
		6B05C72B202E8BCA00FA3A44 /* PBXTargetDependency */ = {
			isa = PBXTargetDependency;
			target = 6B05C709202E8BCA00FA3A44 /* Concentration */;
			targetProxy = 6B05C72A202E8BCA00FA3A44 /* PBXContainerItemProxy */;
		};
/* End PBXTargetDependency section */

/* Begin PBXVariantGroup section */
		6B05C711202E8BCA00FA3A44 /* Main.storyboard */ = {
			isa = PBXVariantGroup;
			children = (
				6B05C712202E8BCA00FA3A44 /* Base */,
			);
			name = Main.storyboard;
			sourceTree = "<group>";
		};
		6B05C716202E8BCA00FA3A44 /* LaunchScreen.storyboard */ = {
			isa = PBXVariantGroup;
			children = (
				6B05C717202E8BCA00FA3A44 /* Base */,
			);
			name = LaunchScreen.storyboard;
			sourceTree = "<group>";
		};
/* End PBXVariantGroup section */

/* Begin XCBuildConfiguration section */
		6B05C730202E8BCA00FA3A44 /* Debug */ = {
			isa = XCBuildConfiguration;
			buildSettings = {
				ALWAYS_SEARCH_USER_PATHS = NO;
				CLANG_ANALYZER_NONNULL = YES;
				CLANG_ANALYZER_NUMBER_OBJECT_CONVERSION = YES_AGGRESSIVE;
				CLANG_CXX_LANGUAGE_STANDARD = "gnu++14";
				CLANG_CXX_LIBRARY = "libc++";
				CLANG_ENABLE_MODULES = YES;
				CLANG_ENABLE_OBJC_ARC = YES;
				CLANG_WARN_BLOCK_CAPTURE_AUTORELEASING = YES;
				CLANG_WARN_BOOL_CONVERSION = YES;
				CLANG_WARN_COMMA = YES;
				CLANG_WARN_CONSTANT_CONVERSION = YES;
				CLANG_WARN_DIRECT_OBJC_ISA_USAGE = YES_ERROR;
				CLANG_WARN_DOCUMENTATION_COMMENTS = YES;
				CLANG_WARN_EMPTY_BODY = YES;
				CLANG_WARN_ENUM_CONVERSION = YES;
				CLANG_WARN_INFINITE_RECURSION = YES;
				CLANG_WARN_INT_CONVERSION = YES;
				CLANG_WARN_NON_LITERAL_NULL_CONVERSION = YES;
				CLANG_WARN_OBJC_LITERAL_CONVERSION = YES;
				CLANG_WARN_OBJC_ROOT_CLASS = YES_ERROR;
				CLANG_WARN_RANGE_LOOP_ANALYSIS = YES;
				CLANG_WARN_STRICT_PROTOTYPES = YES;
				CLANG_WARN_SUSPICIOUS_MOVE = YES;
				CLANG_WARN_UNGUARDED_AVAILABILITY = YES_AGGRESSIVE;
				CLANG_WARN_UNREACHABLE_CODE = YES;
				CLANG_WARN__DUPLICATE_METHOD_MATCH = YES;
				CODE_SIGN_IDENTITY = "iPhone Developer";
				COPY_PHASE_STRIP = NO;
				DEBUG_INFORMATION_FORMAT = dwarf;
				ENABLE_STRICT_OBJC_MSGSEND = YES;
				ENABLE_TESTABILITY = YES;
				GCC_C_LANGUAGE_STANDARD = gnu11;
				GCC_DYNAMIC_NO_PIC = NO;
				GCC_NO_COMMON_BLOCKS = YES;
				GCC_OPTIMIZATION_LEVEL = 0;
				GCC_PREPROCESSOR_DEFINITIONS = (
					"DEBUG=1",
					"$(inherited)",
				);
				GCC_WARN_64_TO_32_BIT_CONVERSION = YES;
				GCC_WARN_ABOUT_RETURN_TYPE = YES_ERROR;
				GCC_WARN_UNDECLARED_SELECTOR = YES;
				GCC_WARN_UNINITIALIZED_AUTOS = YES_AGGRESSIVE;
				GCC_WARN_UNUSED_FUNCTION = YES;
				GCC_WARN_UNUSED_VARIABLE = YES;
				IPHONEOS_DEPLOYMENT_TARGET = 11.2;
				MTL_ENABLE_DEBUG_INFO = YES;
				ONLY_ACTIVE_ARCH = YES;
				SDKROOT = iphoneos;
				SWIFT_ACTIVE_COMPILATION_CONDITIONS = DEBUG;
				SWIFT_OPTIMIZATION_LEVEL = "-Onone";
			};
			name = Debug;
		};
		6B05C731202E8BCA00FA3A44 /* Release */ = {
			isa = XCBuildConfiguration;
			buildSettings = {
				ALWAYS_SEARCH_USER_PATHS = NO;
				CLANG_ANALYZER_NONNULL = YES;
				CLANG_ANALYZER_NUMBER_OBJECT_CONVERSION = YES_AGGRESSIVE;
				CLANG_CXX_LANGUAGE_STANDARD = "gnu++14";
				CLANG_CXX_LIBRARY = "libc++";
				CLANG_ENABLE_MODULES = YES;
				CLANG_ENABLE_OBJC_ARC = YES;
				CLANG_WARN_BLOCK_CAPTURE_AUTORELEASING = YES;
				CLANG_WARN_BOOL_CONVERSION = YES;
				CLANG_WARN_COMMA = YES;
				CLANG_WARN_CONSTANT_CONVERSION = YES;
				CLANG_WARN_DIRECT_OBJC_ISA_USAGE = YES_ERROR;
				CLANG_WARN_DOCUMENTATION_COMMENTS = YES;
				CLANG_WARN_EMPTY_BODY = YES;
				CLANG_WARN_ENUM_CONVERSION = YES;
				CLANG_WARN_INFINITE_RECURSION = YES;
				CLANG_WARN_INT_CONVERSION = YES;
				CLANG_WARN_NON_LITERAL_NULL_CONVERSION = YES;
				CLANG_WARN_OBJC_LITERAL_CONVERSION = YES;
				CLANG_WARN_OBJC_ROOT_CLASS = YES_ERROR;
				CLANG_WARN_RANGE_LOOP_ANALYSIS = YES;
				CLANG_WARN_STRICT_PROTOTYPES = YES;
				CLANG_WARN_SUSPICIOUS_MOVE = YES;
				CLANG_WARN_UNGUARDED_AVAILABILITY = YES_AGGRESSIVE;
				CLANG_WARN_UNREACHABLE_CODE = YES;
				CLANG_WARN__DUPLICATE_METHOD_MATCH = YES;
				CODE_SIGN_IDENTITY = "iPhone Developer";
				COPY_PHASE_STRIP = NO;
				DEBUG_INFORMATION_FORMAT = "dwarf-with-dsym";
				ENABLE_NS_ASSERTIONS = NO;
				ENABLE_STRICT_OBJC_MSGSEND = YES;
				GCC_C_LANGUAGE_STANDARD = gnu11;
				GCC_NO_COMMON_BLOCKS = YES;
				GCC_WARN_64_TO_32_BIT_CONVERSION = YES;
				GCC_WARN_ABOUT_RETURN_TYPE = YES_ERROR;
				GCC_WARN_UNDECLARED_SELECTOR = YES;
				GCC_WARN_UNINITIALIZED_AUTOS = YES_AGGRESSIVE;
				GCC_WARN_UNUSED_FUNCTION = YES;
				GCC_WARN_UNUSED_VARIABLE = YES;
				IPHONEOS_DEPLOYMENT_TARGET = 11.2;
				MTL_ENABLE_DEBUG_INFO = NO;
				SDKROOT = iphoneos;
				SWIFT_OPTIMIZATION_LEVEL = "-Owholemodule";
				VALIDATE_PRODUCT = YES;
			};
			name = Release;
		};
		6B05C733202E8BCA00FA3A44 /* Debug */ = {
			isa = XCBuildConfiguration;
			buildSettings = {
				ASSETCATALOG_COMPILER_APPICON_NAME = AppIcon;
				CODE_SIGN_STYLE = Automatic;
				INFOPLIST_FILE = Concentration/Info.plist;
				LD_RUNPATH_SEARCH_PATHS = "$(inherited) @executable_path/Frameworks";
				PRODUCT_BUNDLE_IDENTIFIER = ziennalabs.Concentration;
				PRODUCT_NAME = "$(TARGET_NAME)";
				SWIFT_VERSION = 4.0;
				TARGETED_DEVICE_FAMILY = "1,2";
			};
			name = Debug;
		};
		6B05C734202E8BCA00FA3A44 /* Release */ = {
			isa = XCBuildConfiguration;
			buildSettings = {
				ASSETCATALOG_COMPILER_APPICON_NAME = AppIcon;
				CODE_SIGN_STYLE = Automatic;
				INFOPLIST_FILE = Concentration/Info.plist;
				LD_RUNPATH_SEARCH_PATHS = "$(inherited) @executable_path/Frameworks";
				PRODUCT_BUNDLE_IDENTIFIER = ziennalabs.Concentration;
				PRODUCT_NAME = "$(TARGET_NAME)";
				SWIFT_VERSION = 4.0;
				TARGETED_DEVICE_FAMILY = "1,2";
			};
			name = Release;
		};
		6B05C736202E8BCA00FA3A44 /* Debug */ = {
			isa = XCBuildConfiguration;
			buildSettings = {
				ALWAYS_EMBED_SWIFT_STANDARD_LIBRARIES = YES;
				BUNDLE_LOADER = "$(TEST_HOST)";
				CODE_SIGN_STYLE = Automatic;
				INFOPLIST_FILE = ConcentrationTests/Info.plist;
				LD_RUNPATH_SEARCH_PATHS = "$(inherited) @executable_path/Frameworks @loader_path/Frameworks";
				PRODUCT_BUNDLE_IDENTIFIER = ziennalabs.ConcentrationTests;
				PRODUCT_NAME = "$(TARGET_NAME)";
				SWIFT_VERSION = 4.0;
				TARGETED_DEVICE_FAMILY = "1,2";
				TEST_HOST = "$(BUILT_PRODUCTS_DIR)/Concentration.app/Concentration";
			};
			name = Debug;
		};
		6B05C737202E8BCA00FA3A44 /* Release */ = {
			isa = XCBuildConfiguration;
			buildSettings = {
				ALWAYS_EMBED_SWIFT_STANDARD_LIBRARIES = YES;
				BUNDLE_LOADER = "$(TEST_HOST)";
				CODE_SIGN_STYLE = Automatic;
				INFOPLIST_FILE = ConcentrationTests/Info.plist;
				LD_RUNPATH_SEARCH_PATHS = "$(inherited) @executable_path/Frameworks @loader_path/Frameworks";
				PRODUCT_BUNDLE_IDENTIFIER = ziennalabs.ConcentrationTests;
				PRODUCT_NAME = "$(TARGET_NAME)";
				SWIFT_VERSION = 4.0;
				TARGETED_DEVICE_FAMILY = "1,2";
				TEST_HOST = "$(BUILT_PRODUCTS_DIR)/Concentration.app/Concentration";
			};
			name = Release;
		};
		6B05C739202E8BCA00FA3A44 /* Debug */ = {
			isa = XCBuildConfiguration;
			buildSettings = {
				ALWAYS_EMBED_SWIFT_STANDARD_LIBRARIES = YES;
				CODE_SIGN_STYLE = Automatic;
				INFOPLIST_FILE = ConcentrationUITests/Info.plist;
				LD_RUNPATH_SEARCH_PATHS = "$(inherited) @executable_path/Frameworks @loader_path/Frameworks";
				PRODUCT_BUNDLE_IDENTIFIER = ziennalabs.ConcentrationUITests;
				PRODUCT_NAME = "$(TARGET_NAME)";
				SWIFT_VERSION = 4.0;
				TARGETED_DEVICE_FAMILY = "1,2";
				TEST_TARGET_NAME = Concentration;
			};
			name = Debug;
		};
		6B05C73A202E8BCA00FA3A44 /* Release */ = {
			isa = XCBuildConfiguration;
			buildSettings = {
				ALWAYS_EMBED_SWIFT_STANDARD_LIBRARIES = YES;
				CODE_SIGN_STYLE = Automatic;
				INFOPLIST_FILE = ConcentrationUITests/Info.plist;
				LD_RUNPATH_SEARCH_PATHS = "$(inherited) @executable_path/Frameworks @loader_path/Frameworks";
				PRODUCT_BUNDLE_IDENTIFIER = ziennalabs.ConcentrationUITests;
				PRODUCT_NAME = "$(TARGET_NAME)";
				SWIFT_VERSION = 4.0;
				TARGETED_DEVICE_FAMILY = "1,2";
				TEST_TARGET_NAME = Concentration;
			};
			name = Release;
		};
/* End XCBuildConfiguration section */

/* Begin XCConfigurationList section */
		6B05C705202E8BCA00FA3A44 /* Build configuration list for PBXProject "Concentration" */ = {
			isa = XCConfigurationList;
			buildConfigurations = (
				6B05C730202E8BCA00FA3A44 /* Debug */,
				6B05C731202E8BCA00FA3A44 /* Release */,
			);
			defaultConfigurationIsVisible = 0;
			defaultConfigurationName = Release;
		};
		6B05C732202E8BCA00FA3A44 /* Build configuration list for PBXNativeTarget "Concentration" */ = {
			isa = XCConfigurationList;
			buildConfigurations = (
				6B05C733202E8BCA00FA3A44 /* Debug */,
				6B05C734202E8BCA00FA3A44 /* Release */,
			);
			defaultConfigurationIsVisible = 0;
			defaultConfigurationName = Release;
		};
		6B05C735202E8BCA00FA3A44 /* Build configuration list for PBXNativeTarget "ConcentrationTests" */ = {
			isa = XCConfigurationList;
			buildConfigurations = (
				6B05C736202E8BCA00FA3A44 /* Debug */,
				6B05C737202E8BCA00FA3A44 /* Release */,
			);
			defaultConfigurationIsVisible = 0;
			defaultConfigurationName = Release;
		};
		6B05C738202E8BCA00FA3A44 /* Build configuration list for PBXNativeTarget "ConcentrationUITests" */ = {
			isa = XCConfigurationList;
			buildConfigurations = (
				6B05C739202E8BCA00FA3A44 /* Debug */,
				6B05C73A202E8BCA00FA3A44 /* Release */,
			);
			defaultConfigurationIsVisible = 0;
			defaultConfigurationName = Release;
		};
/* End XCConfigurationList section */
	};
	rootObject = 6B05C702202E8BCA00FA3A44 /* Project object */;
}
